// !$*UTF8*$!
{
	archiveVersion = 1;
	classes = {
	};
	objectVersion = 46;
	objects = {

/* Begin PBXBuildFile section */
		F1ABCE921AE03DF6000BA342 /* main.cpp in Sources */ = {isa = PBXBuildFile; fileRef = F1ABCE911AE03DF6000BA342 /* main.cpp */; };
/* End PBXBuildFile section */

/* Begin PBXCopyFilesBuildPhase section */
		F1ABCE8C1AE03DF6000BA342 /* CopyFiles */ = {
			isa = PBXCopyFilesBuildPhase;
			buildActionMask = 2147483647;
			dstPath = /usr/share/man/man1/;
			dstSubfolderSpec = 0;
			files = (
			);
			runOnlyForDeploymentPostprocessing = 1;
		};
/* End PBXCopyFilesBuildPhase section */

/* Begin PBXFileReference section */
		F1ABCE8E1AE03DF6000BA342 /* HttpProxy */ = {isa = PBXFileReference; explicitFileType = "compiled.mach-o.executable"; includeInIndex = 0; path = HttpProxy; sourceTree = BUILT_PRODUCTS_DIR; };
		F1ABCE911AE03DF6000BA342 /* main.cpp */ = {isa = PBXFileReference; lastKnownFileType = sourcecode.cpp.cpp; path = main.cpp; sourceTree = "<group>"; };
/* End PBXFileReference section */

/* Begin PBXFrameworksBuildPhase section */
		F1ABCE8B1AE03DF6000BA342 /* Frameworks */ = {
			isa = PBXFrameworksBuildPhase;
			buildActionMask = 2147483647;
			files = (
			);
			runOnlyForDeploymentPostprocessing = 0;
		};
/* End PBXFrameworksBuildPhase section */

/* Begin PBXGroup section */
		F1ABCE851AE03DF6000BA342 = {
			isa = PBXGroup;
			children = (
				F1ABCE901AE03DF6000BA342 /* HttpProxy */,
				F1ABCE8F1AE03DF6000BA342 /* Products */,
			);
			sourceTree = "<group>";
		};
		F1ABCE8F1AE03DF6000BA342 /* Products */ = {
			isa = PBXGroup;
			children = (
				F1ABCE8E1AE03DF6000BA342 /* HttpProxy */,
			);
			name = Products;
			sourceTree = "<group>";
		};
		F1ABCE901AE03DF6000BA342 /* HttpProxy */ = {
			isa = PBXGroup;
			children = (
				F1ABCE911AE03DF6000BA342 /* main.cpp */,
			);
			path = HttpProxy;
			sourceTree = "<group>";
		};
/* End PBXGroup section */

/* Begin PBXNativeTarget section */
		F1ABCE8D1AE03DF6000BA342 /* HttpProxy */ = {
			isa = PBXNativeTarget;
			buildConfigurationList = F1ABCE951AE03DF6000BA342 /* Build configuration list for PBXNativeTarget "HttpProxy" */;
			buildPhases = (
				F1ABCE8A1AE03DF6000BA342 /* Sources */,
				F1ABCE8B1AE03DF6000BA342 /* Frameworks */,
				F1ABCE8C1AE03DF6000BA342 /* CopyFiles */,
			);
			buildRules = (
			);
			dependencies = (
			);
			name = HttpProxy;
			productName = HttpProxy;
			productReference = F1ABCE8E1AE03DF6000BA342 /* HttpProxy */;
			productType = "com.apple.product-type.tool";
		};
/* End PBXNativeTarget section */

/* Begin PBXProject section */
		F1ABCE861AE03DF6000BA342 /* Project object */ = {
			isa = PBXProject;
			attributes = {
				LastUpgradeCheck = 0620;
				ORGANIZATIONNAME = QiuChusheng;
				TargetAttributes = {
					F1ABCE8D1AE03DF6000BA342 = {
						CreatedOnToolsVersion = 6.2;
					};
				};
			};
			buildConfigurationList = F1ABCE891AE03DF6000BA342 /* Build configuration list for PBXProject "HttpProxy" */;
			compatibilityVersion = "Xcode 3.2";
			developmentRegion = English;
			hasScannedForEncodings = 0;
			knownRegions = (
				en,
			);
			mainGroup = F1ABCE851AE03DF6000BA342;
			productRefGroup = F1ABCE8F1AE03DF6000BA342 /* Products */;
			projectDirPath = "";
			projectRoot = "";
			targets = (
				F1ABCE8D1AE03DF6000BA342 /* HttpProxy */,
			);
		};
/* End PBXProject section */

/* Begin PBXSourcesBuildPhase section */
		F1ABCE8A1AE03DF6000BA342 /* Sources */ = {
			isa = PBXSourcesBuildPhase;
			buildActionMask = 2147483647;
			files = (
				F1ABCE921AE03DF6000BA342 /* main.cpp in Sources */,
			);
			runOnlyForDeploymentPostprocessing = 0;
		};
/* End PBXSourcesBuildPhase section */

/* Begin XCBuildConfiguration section */
		F1ABCE931AE03DF6000BA342 /* Debug */ = {
			isa = XCBuildConfiguration;
			buildSettings = {
				ALWAYS_SEARCH_USER_PATHS = NO;
				CLANG_CXX_LANGUAGE_STANDARD = "gnu++0x";
				CLANG_CXX_LIBRARY = "libc++";
				CLANG_ENABLE_MODULES = YES;
				CLANG_ENABLE_OBJC_ARC = YES;
				CLANG_WARN_BOOL_CONVERSION = YES;
				CLANG_WARN_CONSTANT_CONVERSION = YES;
				CLANG_WARN_DIRECT_OBJC_ISA_USAGE = YES_ERROR;
				CLANG_WARN_EMPTY_BODY = YES;
				CLANG_WARN_ENUM_CONVERSION = YES;
				CLANG_WARN_INT_CONVERSION = YES;
				CLANG_WARN_OBJC_ROOT_CLASS = YES_ERROR;
				CLANG_WARN_UNREACHABLE_CODE = YES;
				CLANG_WARN__DUPLICATE_METHOD_MATCH = YES;
				COPY_PHASE_STRIP = NO;
				ENABLE_STRICT_OBJC_MSGSEND = YES;
				GCC_C_LANGUAGE_STANDARD = gnu99;
				GCC_DYNAMIC_NO_PIC = NO;
				GCC_OPTIMIZATION_LEVEL = 0;
				GCC_PREPROCESSOR_DEFINITIONS = (
					"DEBUG=1",
					"$(inherited)",
				);
				GCC_SYMBOLS_PRIVATE_EXTERN = NO;
				GCC_WARN_64_TO_32_BIT_CONVERSION = YES;
				GCC_WARN_ABOUT_RETURN_TYPE = YES_ERROR;
				GCC_WARN_UNDECLARED_SELECTOR = YES;
				GCC_WARN_UNINITIALIZED_AUTOS = YES_AGGRESSIVE;
				GCC_WARN_UNUSED_FUNCTION = YES;
				GCC_WARN_UNUSED_VARIABLE = YES;
				MACOSX_DEPLOYMENT_TARGET = 10.10;
				MTL_ENABLE_DEBUG_INFO = YES;
				ONLY_ACTIVE_ARCH = YES;
				SDKROOT = macosx;
			};
			name = Debug;
		};
		F1ABCE941AE03DF6000BA342 /* Release */ = {
			isa = XCBuildConfiguration;
			buildSettings = {
				ALWAYS_SEARCH_USER_PATHS = NO;
				CLANG_CXX_LANGUAGE_STANDARD = "gnu++0x";
				CLANG_CXX_LIBRARY = "libc++";
				CLANG_ENABLE_MODULES = YES;
				CLANG_ENABLE_OBJC_ARC = YES;
				CLANG_WARN_BOOL_CONVERSION = YES;
				CLANG_WARN_CONSTANT_CONVERSION = YES;
				CLANG_WARN_DIRECT_OBJC_ISA_USAGE = YES_ERROR;
				CLANG_WARN_EMPTY_BODY = YES;
				CLANG_WARN_ENUM_CONVERSION = YES;
				CLANG_WARN_INT_CONVERSION = YES;
				CLANG_WARN_OBJC_ROOT_CLASS = YES_ERROR;
				CLANG_WARN_UNREACHABLE_CODE = YES;
				CLANG_WARN__DUPLICATE_METHOD_MATCH = YES;
				COPY_PHASE_STRIP = NO;
				DEBUG_INFORMATION_FORMAT = "dwarf-with-dsym";
				ENABLE_NS_ASSERTIONS = NO;
				ENABLE_STRICT_OBJC_MSGSEND = YES;
				GCC_C_LANGUAGE_STANDARD = gnu99;
				GCC_WARN_64_TO_32_BIT_CONVERSION = YES;
				GCC_WARN_ABOUT_RETURN_TYPE = YES_ERROR;
				GCC_WARN_UNDECLARED_SELECTOR = YES;
				GCC_WARN_UNINITIALIZED_AUTOS = YES_AGGRESSIVE;
				GCC_WARN_UNUSED_FUNCTION = YES;
				GCC_WARN_UNUSED_VARIABLE = YES;
				MACOSX_DEPLOYMENT_TARGET = 10.10;
				MTL_ENABLE_DEBUG_INFO = NO;
				SDKROOT = macosx;
			};
			name = Release;
		};
		F1ABCE961AE03DF6000BA342 /* Debug */ = {
			isa = XCBuildConfiguration;
			buildSettings = {
				PRODUCT_NAME = "$(TARGET_NAME)";
			};
			name = Debug;
		};
		F1ABCE971AE03DF6000BA342 /* Release */ = {
			isa = XCBuildConfiguration;
			buildSettings = {
				PRODUCT_NAME = "$(TARGET_NAME)";
			};
			name = Release;
		};
/* End XCBuildConfiguration section */

/* Begin XCConfigurationList section */
		F1ABCE891AE03DF6000BA342 /* Build configuration list for PBXProject "HttpProxy" */ = {
			isa = XCConfigurationList;
			buildConfigurations = (
				F1ABCE931AE03DF6000BA342 /* Debug */,
				F1ABCE941AE03DF6000BA342 /* Release */,
			);
			defaultConfigurationIsVisible = 0;
			defaultConfigurationName = Release;
		};
		F1ABCE951AE03DF6000BA342 /* Build configuration list for PBXNativeTarget "HttpProxy" */ = {
			isa = XCConfigurationList;
			buildConfigurations = (
				F1ABCE961AE03DF6000BA342 /* Debug */,
				F1ABCE971AE03DF6000BA342 /* Release */,
			);
			defaultConfigurationIsVisible = 0;
		};
/* End XCConfigurationList section */
	};
	rootObject = F1ABCE861AE03DF6000BA342 /* Project object */;
}
